
Microsoft Visual Studio Solution File, Format Version 12.00
# Visual Studio Version 17
VisualStudioVersion = 17.4.33213.308
MinimumVisualStudioVersion = 10.0.40219.1
Project("{FAE04EC0-301F-11D3-BF4B-00C04F79EFBC}") = "Ausweiß", "Ausweiß\Ausweiß.csproj", "{89495BF6-99A1-4122-B519-4B1E8C401199}"
EndProject
Global
	GlobalSection(SolutionConfigurationPlatforms) = preSolution
		Debug|Any CPU = Debug|Any CPU
		Release|Any CPU = Release|Any CPU
	EndGlobalSection
	GlobalSection(ProjectConfigurationPlatforms) = postSolution
		{89495BF6-99A1-4122-B519-4B1E8C401199}.Debug|Any CPU.ActiveCfg = Debug|Any CPU
		{89495BF6-99A1-4122-B519-4B1E8C401199}.Debug|Any CPU.Build.0 = Debug|Any CPU
		{89495BF6-99A1-4122-B519-4B1E8C401199}.Release|Any CPU.ActiveCfg = Release|Any CPU
		{89495BF6-99A1-4122-B519-4B1E8C401199}.Release|Any CPU.Build.0 = Release|Any CPU
	EndGlobalSection
	GlobalSection(SolutionProperties) = preSolution
		HideSolutionNode = FALSE
	EndGlobalSection
	GlobalSection(ExtensibilityGlobals) = postSolution
		SolutionGuid = {CE1C27D4-B978-4A3C-B39A-9D4B093E57F2}
	EndGlobalSection
EndGlobal
